// !$*UTF8*$!
{
	archiveVersion = 1;
	classes = {
	};
	objectVersion = 50;
	objects = {

/* Begin PBXBuildFile section */
		D8B09E4F20EF759500C00870 /* AppDelegate.m in Sources */ = {isa = PBXBuildFile; fileRef = D8B09E4E20EF759500C00870 /* AppDelegate.m */; };
		D8B09E5220EF759500C00870 /* ViewController.m in Sources */ = {isa = PBXBuildFile; fileRef = D8B09E5120EF759500C00870 /* ViewController.m */; };
		D8B09E5520EF759500C00870 /* Main.storyboard in Resources */ = {isa = PBXBuildFile; fileRef = D8B09E5320EF759500C00870 /* Main.storyboard */; };
		D8B09E5720EF759800C00870 /* Assets.xcassets in Resources */ = {isa = PBXBuildFile; fileRef = D8B09E5620EF759800C00870 /* Assets.xcassets */; };
		D8B09E5A20EF759800C00870 /* LaunchScreen.storyboard in Resources */ = {isa = PBXBuildFile; fileRef = D8B09E5820EF759800C00870 /* LaunchScreen.storyboard */; };
		D8B09E5D20EF759800C00870 /* main.m in Sources */ = {isa = PBXBuildFile; fileRef = D8B09E5C20EF759800C00870 /* main.m */; };
		D8B09E6720EF759800C00870 /* RNHybridAppTests.m in Sources */ = {isa = PBXBuildFile; fileRef = D8B09E6620EF759800C00870 /* RNHybridAppTests.m */; };
		D8B09E7220EF759800C00870 /* RNHybridAppUITests.m in Sources */ = {isa = PBXBuildFile; fileRef = D8B09E7120EF759800C00870 /* RNHybridAppUITests.m */; };
		D8B09E8120EF76F900C00870 /* ReactNativeViewController.m in Sources */ = {isa = PBXBuildFile; fileRef = D8B09E8020EF76F900C00870 /* ReactNativeViewController.m */; };
/* End PBXBuildFile section */

/* Begin PBXContainerItemProxy section */
		D8B09E6320EF759800C00870 /* PBXContainerItemProxy */ = {
			isa = PBXContainerItemProxy;
			containerPortal = D8B09E4220EF759500C00870 /* Project object */;
			proxyType = 1;
			remoteGlobalIDString = D8B09E4920EF759500C00870;
			remoteInfo = RNHybridApp;
		};
		D8B09E6E20EF759800C00870 /* PBXContainerItemProxy */ = {
			isa = PBXContainerItemProxy;
			containerPortal = D8B09E4220EF759500C00870 /* Project object */;
			proxyType = 1;
			remoteGlobalIDString = D8B09E4920EF759500C00870;
			remoteInfo = RNHybridApp;
		};
/* End PBXContainerItemProxy section */

/* Begin PBXFileReference section */
		D8B09E4A20EF759500C00870 /* RNHybridApp.app */ = {isa = PBXFileReference; explicitFileType = wrapper.application; includeInIndex = 0; path = RNHybridApp.app; sourceTree = BUILT_PRODUCTS_DIR; };
		D8B09E4D20EF759500C00870 /* AppDelegate.h */ = {isa = PBXFileReference; lastKnownFileType = sourcecode.c.h; path = AppDelegate.h; sourceTree = "<group>"; };
		D8B09E4E20EF759500C00870 /* AppDelegate.m */ = {isa = PBXFileReference; lastKnownFileType = sourcecode.c.objc; path = AppDelegate.m; sourceTree = "<group>"; };
		D8B09E5020EF759500C00870 /* ViewController.h */ = {isa = PBXFileReference; lastKnownFileType = sourcecode.c.h; path = ViewController.h; sourceTree = "<group>"; };
		D8B09E5120EF759500C00870 /* ViewController.m */ = {isa = PBXFileReference; lastKnownFileType = sourcecode.c.objc; path = ViewController.m; sourceTree = "<group>"; };
		D8B09E5420EF759500C00870 /* Base */ = {isa = PBXFileReference; lastKnownFileType = file.storyboard; name = Base; path = Base.lproj/Main.storyboard; sourceTree = "<group>"; };
		D8B09E5620EF759800C00870 /* Assets.xcassets */ = {isa = PBXFileReference; lastKnownFileType = folder.assetcatalog; path = Assets.xcassets; sourceTree = "<group>"; };
		D8B09E5920EF759800C00870 /* Base */ = {isa = PBXFileReference; lastKnownFileType = file.storyboard; name = Base; path = Base.lproj/LaunchScreen.storyboard; sourceTree = "<group>"; };
		D8B09E5B20EF759800C00870 /* Info.plist */ = {isa = PBXFileReference; lastKnownFileType = text.plist.xml; path = Info.plist; sourceTree = "<group>"; };
		D8B09E5C20EF759800C00870 /* main.m */ = {isa = PBXFileReference; lastKnownFileType = sourcecode.c.objc; path = main.m; sourceTree = "<group>"; };
		D8B09E6220EF759800C00870 /* RNHybridAppTests.xctest */ = {isa = PBXFileReference; explicitFileType = wrapper.cfbundle; includeInIndex = 0; path = RNHybridAppTests.xctest; sourceTree = BUILT_PRODUCTS_DIR; };
		D8B09E6620EF759800C00870 /* RNHybridAppTests.m */ = {isa = PBXFileReference; lastKnownFileType = sourcecode.c.objc; path = RNHybridAppTests.m; sourceTree = "<group>"; };
		D8B09E6820EF759800C00870 /* Info.plist */ = {isa = PBXFileReference; lastKnownFileType = text.plist.xml; path = Info.plist; sourceTree = "<group>"; };
		D8B09E6D20EF759800C00870 /* RNHybridAppUITests.xctest */ = {isa = PBXFileReference; explicitFileType = wrapper.cfbundle; includeInIndex = 0; path = RNHybridAppUITests.xctest; sourceTree = BUILT_PRODUCTS_DIR; };
		D8B09E7120EF759800C00870 /* RNHybridAppUITests.m */ = {isa = PBXFileReference; lastKnownFileType = sourcecode.c.objc; path = RNHybridAppUITests.m; sourceTree = "<group>"; };
		D8B09E7320EF759800C00870 /* Info.plist */ = {isa = PBXFileReference; lastKnownFileType = text.plist.xml; path = Info.plist; sourceTree = "<group>"; };
		D8B09E7F20EF76F900C00870 /* ReactNativeViewController.h */ = {isa = PBXFileReference; lastKnownFileType = sourcecode.c.h; path = ReactNativeViewController.h; sourceTree = "<group>"; };
		D8B09E8020EF76F900C00870 /* ReactNativeViewController.m */ = {isa = PBXFileReference; lastKnownFileType = sourcecode.c.objc; path = ReactNativeViewController.m; sourceTree = "<group>"; };
/* End PBXFileReference section */

/* Begin PBXFrameworksBuildPhase section */
		D8B09E4720EF759500C00870 /* Frameworks */ = {
			isa = PBXFrameworksBuildPhase;
			buildActionMask = 2147483647;
			files = (
			);
			runOnlyForDeploymentPostprocessing = 0;
		};
		D8B09E5F20EF759800C00870 /* Frameworks */ = {
			isa = PBXFrameworksBuildPhase;
			buildActionMask = 2147483647;
			files = (
			);
			runOnlyForDeploymentPostprocessing = 0;
		};
		D8B09E6A20EF759800C00870 /* Frameworks */ = {
			isa = PBXFrameworksBuildPhase;
			buildActionMask = 2147483647;
			files = (
			);
			runOnlyForDeploymentPostprocessing = 0;
		};
/* End PBXFrameworksBuildPhase section */

/* Begin PBXGroup section */
		D8B09E4120EF759500C00870 = {
			isa = PBXGroup;
			children = (
				D8B09E4C20EF759500C00870 /* RNHybridApp */,
				D8B09E6520EF759800C00870 /* RNHybridAppTests */,
				D8B09E7020EF759800C00870 /* RNHybridAppUITests */,
				D8B09E4B20EF759500C00870 /* Products */,
			);
			sourceTree = "<group>";
		};
		D8B09E4B20EF759500C00870 /* Products */ = {
			isa = PBXGroup;
			children = (
				D8B09E4A20EF759500C00870 /* RNHybridApp.app */,
				D8B09E6220EF759800C00870 /* RNHybridAppTests.xctest */,
				D8B09E6D20EF759800C00870 /* RNHybridAppUITests.xctest */,
			);
			name = Products;
			sourceTree = "<group>";
		};
		D8B09E4C20EF759500C00870 /* RNHybridApp */ = {
			isa = PBXGroup;
			children = (
				D8B09E4D20EF759500C00870 /* AppDelegate.h */,
				D8B09E4E20EF759500C00870 /* AppDelegate.m */,
				D8B09E5020EF759500C00870 /* ViewController.h */,
				D8B09E5120EF759500C00870 /* ViewController.m */,
				D8B09E7F20EF76F900C00870 /* ReactNativeViewController.h */,
				D8B09E8020EF76F900C00870 /* ReactNativeViewController.m */,
				D8B09E5320EF759500C00870 /* Main.storyboard */,
				D8B09E5620EF759800C00870 /* Assets.xcassets */,
				D8B09E5820EF759800C00870 /* LaunchScreen.storyboard */,
				D8B09E5B20EF759800C00870 /* Info.plist */,
				D8B09E5C20EF759800C00870 /* main.m */,
			);
			path = RNHybridApp;
			sourceTree = "<group>";
		};
		D8B09E6520EF759800C00870 /* RNHybridAppTests */ = {
			isa = PBXGroup;
			children = (
				D8B09E6620EF759800C00870 /* RNHybridAppTests.m */,
				D8B09E6820EF759800C00870 /* Info.plist */,
			);
			path = RNHybridAppTests;
			sourceTree = "<group>";
		};
		D8B09E7020EF759800C00870 /* RNHybridAppUITests */ = {
			isa = PBXGroup;
			children = (
				D8B09E7120EF759800C00870 /* RNHybridAppUITests.m */,
				D8B09E7320EF759800C00870 /* Info.plist */,
			);
			path = RNHybridAppUITests;
			sourceTree = "<group>";
		};
/* End PBXGroup section */

/* Begin PBXNativeTarget section */
		D8B09E4920EF759500C00870 /* RNHybridApp */ = {
			isa = PBXNativeTarget;
			buildConfigurationList = D8B09E7620EF759800C00870 /* Build configuration list for PBXNativeTarget "RNHybridApp" */;
			buildPhases = (
				D8B09E4620EF759500C00870 /* Sources */,
				D8B09E4720EF759500C00870 /* Frameworks */,
				D8B09E4820EF759500C00870 /* Resources */,
			);
			buildRules = (
			);
			dependencies = (
			);
			name = RNHybridApp;
			productName = RNHybridApp;
			productReference = D8B09E4A20EF759500C00870 /* RNHybridApp.app */;
			productType = "com.apple.product-type.application";
		};
		D8B09E6120EF759800C00870 /* RNHybridAppTests */ = {
			isa = PBXNativeTarget;
			buildConfigurationList = D8B09E7920EF759800C00870 /* Build configuration list for PBXNativeTarget "RNHybridAppTests" */;
			buildPhases = (
				D8B09E5E20EF759800C00870 /* Sources */,
				D8B09E5F20EF759800C00870 /* Frameworks */,
				D8B09E6020EF759800C00870 /* Resources */,
			);
			buildRules = (
			);
			dependencies = (
				D8B09E6420EF759800C00870 /* PBXTargetDependency */,
			);
			name = RNHybridAppTests;
			productName = RNHybridAppTests;
			productReference = D8B09E6220EF759800C00870 /* RNHybridAppTests.xctest */;
			productType = "com.apple.product-type.bundle.unit-test";
		};
		D8B09E6C20EF759800C00870 /* RNHybridAppUITests */ = {
			isa = PBXNativeTarget;
			buildConfigurationList = D8B09E7C20EF759800C00870 /* Build configuration list for PBXNativeTarget "RNHybridAppUITests" */;
			buildPhases = (
				D8B09E6920EF759800C00870 /* Sources */,
				D8B09E6A20EF759800C00870 /* Frameworks */,
				D8B09E6B20EF759800C00870 /* Resources */,
			);
			buildRules = (
			);
			dependencies = (
				D8B09E6F20EF759800C00870 /* PBXTargetDependency */,
			);
			name = RNHybridAppUITests;
			productName = RNHybridAppUITests;
			productReference = D8B09E6D20EF759800C00870 /* RNHybridAppUITests.xctest */;
			productType = "com.apple.product-type.bundle.ui-testing";
		};
/* End PBXNativeTarget section */

/* Begin PBXProject section */
		D8B09E4220EF759500C00870 /* Project object */ = {
			isa = PBXProject;
			attributes = {
				LastUpgradeCheck = 0940;
				ORGANIZATIONNAME = kasajei;
				TargetAttributes = {
					D8B09E4920EF759500C00870 = {
						CreatedOnToolsVersion = 9.4.1;
					};
					D8B09E6120EF759800C00870 = {
						CreatedOnToolsVersion = 9.4.1;
						TestTargetID = D8B09E4920EF759500C00870;
					};
					D8B09E6C20EF759800C00870 = {
						CreatedOnToolsVersion = 9.4.1;
						TestTargetID = D8B09E4920EF759500C00870;
					};
				};
			};
			buildConfigurationList = D8B09E4520EF759500C00870 /* Build configuration list for PBXProject "RNHybridApp" */;
			compatibilityVersion = "Xcode 9.3";
			developmentRegion = en;
			hasScannedForEncodings = 0;
			knownRegions = (
				en,
				Base,
			);
			mainGroup = D8B09E4120EF759500C00870;
			productRefGroup = D8B09E4B20EF759500C00870 /* Products */;
			projectDirPath = "";
			projectRoot = "";
			targets = (
				D8B09E4920EF759500C00870 /* RNHybridApp */,
				D8B09E6120EF759800C00870 /* RNHybridAppTests */,
				D8B09E6C20EF759800C00870 /* RNHybridAppUITests */,
			);
		};
/* End PBXProject section */

/* Begin PBXResourcesBuildPhase section */
		D8B09E4820EF759500C00870 /* Resources */ = {
			isa = PBXResourcesBuildPhase;
			buildActionMask = 2147483647;
			files = (
				D8B09E5A20EF759800C00870 /* LaunchScreen.storyboard in Resources */,
				D8B09E5720EF759800C00870 /* Assets.xcassets in Resources */,
				D8B09E5520EF759500C00870 /* Main.storyboard in Resources */,
			);
			runOnlyForDeploymentPostprocessing = 0;
		};
		D8B09E6020EF759800C00870 /* Resources */ = {
			isa = PBXResourcesBuildPhase;
			buildActionMask = 2147483647;
			files = (
			);
			runOnlyForDeploymentPostprocessing = 0;
		};
		D8B09E6B20EF759800C00870 /* Resources */ = {
			isa = PBXResourcesBuildPhase;
			buildActionMask = 2147483647;
			files = (
			);
			runOnlyForDeploymentPostprocessing = 0;
		};
/* End PBXResourcesBuildPhase section */

/* Begin PBXSourcesBuildPhase section */
		D8B09E4620EF759500C00870 /* Sources */ = {
			isa = PBXSourcesBuildPhase;
			buildActionMask = 2147483647;
			files = (
				D8B09E5220EF759500C00870 /* ViewController.m in Sources */,
				D8B09E5D20EF759800C00870 /* main.m in Sources */,
				D8B09E4F20EF759500C00870 /* AppDelegate.m in Sources */,
				D8B09E8120EF76F900C00870 /* ReactNativeViewController.m in Sources */,
			);
			runOnlyForDeploymentPostprocessing = 0;
		};
		D8B09E5E20EF759800C00870 /* Sources */ = {
			isa = PBXSourcesBuildPhase;
			buildActionMask = 2147483647;
			files = (
				D8B09E6720EF759800C00870 /* RNHybridAppTests.m in Sources */,
			);
			runOnlyForDeploymentPostprocessing = 0;
		};
		D8B09E6920EF759800C00870 /* Sources */ = {
			isa = PBXSourcesBuildPhase;
			buildActionMask = 2147483647;
			files = (
				D8B09E7220EF759800C00870 /* RNHybridAppUITests.m in Sources */,
			);
			runOnlyForDeploymentPostprocessing = 0;
		};
/* End PBXSourcesBuildPhase section */

/* Begin PBXTargetDependency section */
		D8B09E6420EF759800C00870 /* PBXTargetDependency */ = {
			isa = PBXTargetDependency;
			target = D8B09E4920EF759500C00870 /* RNHybridApp */;
			targetProxy = D8B09E6320EF759800C00870 /* PBXContainerItemProxy */;
		};
		D8B09E6F20EF759800C00870 /* PBXTargetDependency */ = {
			isa = PBXTargetDependency;
			target = D8B09E4920EF759500C00870 /* RNHybridApp */;
			targetProxy = D8B09E6E20EF759800C00870 /* PBXContainerItemProxy */;
		};
/* End PBXTargetDependency section */

/* Begin PBXVariantGroup section */
		D8B09E5320EF759500C00870 /* Main.storyboard */ = {
			isa = PBXVariantGroup;
			children = (
				D8B09E5420EF759500C00870 /* Base */,
			);
			name = Main.storyboard;
			sourceTree = "<group>";
		};
		D8B09E5820EF759800C00870 /* LaunchScreen.storyboard */ = {
			isa = PBXVariantGroup;
			children = (
				D8B09E5920EF759800C00870 /* Base */,
			);
			name = LaunchScreen.storyboard;
			sourceTree = "<group>";
		};
/* End PBXVariantGroup section */

/* Begin XCBuildConfiguration section */
		D8B09E7420EF759800C00870 /* Debug */ = {
			isa = XCBuildConfiguration;
			buildSettings = {
				ALWAYS_SEARCH_USER_PATHS = NO;
				CLANG_ANALYZER_NONNULL = YES;
				CLANG_ANALYZER_NUMBER_OBJECT_CONVERSION = YES_AGGRESSIVE;
				CLANG_CXX_LANGUAGE_STANDARD = "gnu++14";
				CLANG_CXX_LIBRARY = "libc++";
				CLANG_ENABLE_MODULES = YES;
				CLANG_ENABLE_OBJC_ARC = YES;
				CLANG_ENABLE_OBJC_WEAK = YES;
				CLANG_WARN_BLOCK_CAPTURE_AUTORELEASING = YES;
				CLANG_WARN_BOOL_CONVERSION = YES;
				CLANG_WARN_COMMA = YES;
				CLANG_WARN_CONSTANT_CONVERSION = YES;
				CLANG_WARN_DEPRECATED_OBJC_IMPLEMENTATIONS = YES;
				CLANG_WARN_DIRECT_OBJC_ISA_USAGE = YES_ERROR;
				CLANG_WARN_DOCUMENTATION_COMMENTS = YES;
				CLANG_WARN_EMPTY_BODY = YES;
				CLANG_WARN_ENUM_CONVERSION = YES;
				CLANG_WARN_INFINITE_RECURSION = YES;
				CLANG_WARN_INT_CONVERSION = YES;
				CLANG_WARN_NON_LITERAL_NULL_CONVERSION = YES;
				CLANG_WARN_OBJC_IMPLICIT_RETAIN_SELF = YES;
				CLANG_WARN_OBJC_LITERAL_CONVERSION = YES;
				CLANG_WARN_OBJC_ROOT_CLASS = YES_ERROR;
				CLANG_WARN_RANGE_LOOP_ANALYSIS = YES;
				CLANG_WARN_STRICT_PROTOTYPES = YES;
				CLANG_WARN_SUSPICIOUS_MOVE = YES;
				CLANG_WARN_UNGUARDED_AVAILABILITY = YES_AGGRESSIVE;
				CLANG_WARN_UNREACHABLE_CODE = YES;
				CLANG_WARN__DUPLICATE_METHOD_MATCH = YES;
				CODE_SIGN_IDENTITY = "iPhone Developer";
				COPY_PHASE_STRIP = NO;
				DEBUG_INFORMATION_FORMAT = dwarf;
				ENABLE_STRICT_OBJC_MSGSEND = YES;
				ENABLE_TESTABILITY = YES;
				GCC_C_LANGUAGE_STANDARD = gnu11;
				GCC_DYNAMIC_NO_PIC = NO;
				GCC_NO_COMMON_BLOCKS = YES;
				GCC_OPTIMIZATION_LEVEL = 0;
				GCC_PREPROCESSOR_DEFINITIONS = (
					"DEBUG=1",
					"$(inherited)",
				);
				GCC_WARN_64_TO_32_BIT_CONVERSION = YES;
				GCC_WARN_ABOUT_RETURN_TYPE = YES_ERROR;
				GCC_WARN_UNDECLARED_SELECTOR = YES;
				GCC_WARN_UNINITIALIZED_AUTOS = YES_AGGRESSIVE;
				GCC_WARN_UNUSED_FUNCTION = YES;
				GCC_WARN_UNUSED_VARIABLE = YES;
				IPHONEOS_DEPLOYMENT_TARGET = 11.4;
				MTL_ENABLE_DEBUG_INFO = YES;
				ONLY_ACTIVE_ARCH = YES;
				SDKROOT = iphoneos;
			};
			name = Debug;
		};
		D8B09E7520EF759800C00870 /* Release */ = {
			isa = XCBuildConfiguration;
			buildSettings = {
				ALWAYS_SEARCH_USER_PATHS = NO;
				CLANG_ANALYZER_NONNULL = YES;
				CLANG_ANALYZER_NUMBER_OBJECT_CONVERSION = YES_AGGRESSIVE;
				CLANG_CXX_LANGUAGE_STANDARD = "gnu++14";
				CLANG_CXX_LIBRARY = "libc++";
				CLANG_ENABLE_MODULES = YES;
				CLANG_ENABLE_OBJC_ARC = YES;
				CLANG_ENABLE_OBJC_WEAK = YES;
				CLANG_WARN_BLOCK_CAPTURE_AUTORELEASING = YES;
				CLANG_WARN_BOOL_CONVERSION = YES;
				CLANG_WARN_COMMA = YES;
				CLANG_WARN_CONSTANT_CONVERSION = YES;
				CLANG_WARN_DEPRECATED_OBJC_IMPLEMENTATIONS = YES;
				CLANG_WARN_DIRECT_OBJC_ISA_USAGE = YES_ERROR;
				CLANG_WARN_DOCUMENTATION_COMMENTS = YES;
				CLANG_WARN_EMPTY_BODY = YES;
				CLANG_WARN_ENUM_CONVERSION = YES;
				CLANG_WARN_INFINITE_RECURSION = YES;
				CLANG_WARN_INT_CONVERSION = YES;
				CLANG_WARN_NON_LITERAL_NULL_CONVERSION = YES;
				CLANG_WARN_OBJC_IMPLICIT_RETAIN_SELF = YES;
				CLANG_WARN_OBJC_LITERAL_CONVERSION = YES;
				CLANG_WARN_OBJC_ROOT_CLASS = YES_ERROR;
				CLANG_WARN_RANGE_LOOP_ANALYSIS = YES;
				CLANG_WARN_STRICT_PROTOTYPES = YES;
				CLANG_WARN_SUSPICIOUS_MOVE = YES;
				CLANG_WARN_UNGUARDED_AVAILABILITY = YES_AGGRESSIVE;
				CLANG_WARN_UNREACHABLE_CODE = YES;
				CLANG_WARN__DUPLICATE_METHOD_MATCH = YES;
				CODE_SIGN_IDENTITY = "iPhone Developer";
				COPY_PHASE_STRIP = NO;
				DEBUG_INFORMATION_FORMAT = "dwarf-with-dsym";
				ENABLE_NS_ASSERTIONS = NO;
				ENABLE_STRICT_OBJC_MSGSEND = YES;
				GCC_C_LANGUAGE_STANDARD = gnu11;
				GCC_NO_COMMON_BLOCKS = YES;
				GCC_WARN_64_TO_32_BIT_CONVERSION = YES;
				GCC_WARN_ABOUT_RETURN_TYPE = YES_ERROR;
				GCC_WARN_UNDECLARED_SELECTOR = YES;
				GCC_WARN_UNINITIALIZED_AUTOS = YES_AGGRESSIVE;
				GCC_WARN_UNUSED_FUNCTION = YES;
				GCC_WARN_UNUSED_VARIABLE = YES;
				IPHONEOS_DEPLOYMENT_TARGET = 11.4;
				MTL_ENABLE_DEBUG_INFO = NO;
				SDKROOT = iphoneos;
				VALIDATE_PRODUCT = YES;
			};
			name = Release;
		};
		D8B09E7720EF759800C00870 /* Debug */ = {
			isa = XCBuildConfiguration;
			buildSettings = {
				ASSETCATALOG_COMPILER_APPICON_NAME = AppIcon;
				CODE_SIGN_STYLE = Automatic;
				DEVELOPMENT_TEAM = XU9XP2BA87;
				INFOPLIST_FILE = RNHybridApp/Info.plist;
				LD_RUNPATH_SEARCH_PATHS = (
					"$(inherited)",
					"@executable_path/Frameworks",
				);
				PRODUCT_BUNDLE_IDENTIFIER = com.kasajei.RNHybridApp;
				PRODUCT_NAME = "$(TARGET_NAME)";
				TARGETED_DEVICE_FAMILY = "1,2";
			};
			name = Debug;
		};
		D8B09E7820EF759800C00870 /* Release */ = {
			isa = XCBuildConfiguration;
			buildSettings = {
				ASSETCATALOG_COMPILER_APPICON_NAME = AppIcon;
				CODE_SIGN_STYLE = Automatic;
				DEVELOPMENT_TEAM = XU9XP2BA87;
				INFOPLIST_FILE = RNHybridApp/Info.plist;
				LD_RUNPATH_SEARCH_PATHS = (
					"$(inherited)",
					"@executable_path/Frameworks",
				);
				PRODUCT_BUNDLE_IDENTIFIER = com.kasajei.RNHybridApp;
				PRODUCT_NAME = "$(TARGET_NAME)";
				TARGETED_DEVICE_FAMILY = "1,2";
			};
			name = Release;
		};
		D8B09E7A20EF759800C00870 /* Debug */ = {
			isa = XCBuildConfiguration;
			buildSettings = {
				BUNDLE_LOADER = "$(TEST_HOST)";
				CODE_SIGN_STYLE = Automatic;
				DEVELOPMENT_TEAM = XU9XP2BA87;
				INFOPLIST_FILE = RNHybridAppTests/Info.plist;
				LD_RUNPATH_SEARCH_PATHS = (
					"$(inherited)",
					"@executable_path/Frameworks",
					"@loader_path/Frameworks",
				);
				PRODUCT_BUNDLE_IDENTIFIER = com.kasajei.RNHybridAppTests;
				PRODUCT_NAME = "$(TARGET_NAME)";
				TARGETED_DEVICE_FAMILY = "1,2";
				TEST_HOST = "$(BUILT_PRODUCTS_DIR)/RNHybridApp.app/RNHybridApp";
			};
			name = Debug;
		};
		D8B09E7B20EF759800C00870 /* Release */ = {
			isa = XCBuildConfiguration;
			buildSettings = {
				BUNDLE_LOADER = "$(TEST_HOST)";
				CODE_SIGN_STYLE = Automatic;
				DEVELOPMENT_TEAM = XU9XP2BA87;
				INFOPLIST_FILE = RNHybridAppTests/Info.plist;
				LD_RUNPATH_SEARCH_PATHS = (
					"$(inherited)",
					"@executable_path/Frameworks",
					"@loader_path/Frameworks",
				);
				PRODUCT_BUNDLE_IDENTIFIER = com.kasajei.RNHybridAppTests;
				PRODUCT_NAME = "$(TARGET_NAME)";
				TARGETED_DEVICE_FAMILY = "1,2";
				TEST_HOST = "$(BUILT_PRODUCTS_DIR)/RNHybridApp.app/RNHybridApp";
			};
			name = Release;
		};
		D8B09E7D20EF759800C00870 /* Debug */ = {
			isa = XCBuildConfiguration;
			buildSettings = {
				CODE_SIGN_STYLE = Automatic;
				DEVELOPMENT_TEAM = XU9XP2BA87;
				INFOPLIST_FILE = RNHybridAppUITests/Info.plist;
				LD_RUNPATH_SEARCH_PATHS = (
					"$(inherited)",
					"@executable_path/Frameworks",
					"@loader_path/Frameworks",
				);
				PRODUCT_BUNDLE_IDENTIFIER = com.kasajei.RNHybridAppUITests;
				PRODUCT_NAME = "$(TARGET_NAME)";
				TARGETED_DEVICE_FAMILY = "1,2";
				TEST_TARGET_NAME = RNHybridApp;
			};
			name = Debug;
		};
		D8B09E7E20EF759800C00870 /* Release */ = {
			isa = XCBuildConfiguration;
			buildSettings = {
				CODE_SIGN_STYLE = Automatic;
				DEVELOPMENT_TEAM = XU9XP2BA87;
				INFOPLIST_FILE = RNHybridAppUITests/Info.plist;
				LD_RUNPATH_SEARCH_PATHS = (
					"$(inherited)",
					"@executable_path/Frameworks",
					"@loader_path/Frameworks",
				);
				PRODUCT_BUNDLE_IDENTIFIER = com.kasajei.RNHybridAppUITests;
				PRODUCT_NAME = "$(TARGET_NAME)";
				TARGETED_DEVICE_FAMILY = "1,2";
				TEST_TARGET_NAME = RNHybridApp;
			};
			name = Release;
		};
/* End XCBuildConfiguration section */

/* Begin XCConfigurationList section */
		D8B09E4520EF759500C00870 /* Build configuration list for PBXProject "RNHybridApp" */ = {
			isa = XCConfigurationList;
			buildConfigurations = (
				D8B09E7420EF759800C00870 /* Debug */,
				D8B09E7520EF759800C00870 /* Release */,
			);
			defaultConfigurationIsVisible = 0;
			defaultConfigurationName = Release;
		};
		D8B09E7620EF759800C00870 /* Build configuration list for PBXNativeTarget "RNHybridApp" */ = {
			isa = XCConfigurationList;
			buildConfigurations = (
				D8B09E7720EF759800C00870 /* Debug */,
				D8B09E7820EF759800C00870 /* Release */,
			);
			defaultConfigurationIsVisible = 0;
			defaultConfigurationName = Release;
		};
		D8B09E7920EF759800C00870 /* Build configuration list for PBXNativeTarget "RNHybridAppTests" */ = {
			isa = XCConfigurationList;
			buildConfigurations = (
				D8B09E7A20EF759800C00870 /* Debug */,
				D8B09E7B20EF759800C00870 /* Release */,
			);
			defaultConfigurationIsVisible = 0;
			defaultConfigurationName = Release;
		};
		D8B09E7C20EF759800C00870 /* Build configuration list for PBXNativeTarget "RNHybridAppUITests" */ = {
			isa = XCConfigurationList;
			buildConfigurations = (
				D8B09E7D20EF759800C00870 /* Debug */,
				D8B09E7E20EF759800C00870 /* Release */,
			);
			defaultConfigurationIsVisible = 0;
			defaultConfigurationName = Release;
		};
/* End XCConfigurationList section */
	};
	rootObject = D8B09E4220EF759500C00870 /* Project object */;
}
